
Microsoft Visual Studio Solution File, Format Version 12.00
# Visual Studio Version 17
VisualStudioVersion = 17.14.36408.4 d17.14
MinimumVisualStudioVersion = 10.0.40219.1
Project("{FAE04EC0-301F-11D3-BF4B-00C04F79EFBC}") = "RegistrationAppMVC", "RegistrationAppMVC.csproj", "{1C475EE9-E5E6-4147-94F3-EF2D37827FDF}"
EndProject
Global
	GlobalSection(SolutionConfigurationPlatforms) = preSolution
		Debug|Any CPU = Debug|Any CPU
		Release|Any CPU = Release|Any CPU
	EndGlobalSection
	GlobalSection(ProjectConfigurationPlatforms) = postSolution
		{1C475EE9-E5E6-4147-94F3-EF2D37827FDF}.Debug|Any CPU.ActiveCfg = Debug|Any CPU
		{1C475EE9-E5E6-4147-94F3-EF2D37827FDF}.Debug|Any CPU.Build.0 = Debug|Any CPU
		{1C475EE9-E5E6-4147-94F3-EF2D37827FDF}.Release|Any CPU.ActiveCfg = Release|Any CPU
		{1C475EE9-E5E6-4147-94F3-EF2D37827FDF}.Release|Any CPU.Build.0 = Release|Any CPU
	EndGlobalSection
	GlobalSection(SolutionProperties) = preSolution
		HideSolutionNode = FALSE
	EndGlobalSection
	GlobalSection(ExtensibilityGlobals) = postSolution
		SolutionGuid = {23538BB2-B14C-4573-8D98-11618936151A}
	EndGlobalSection
EndGlobal
