
Microsoft Visual Studio Solution File, Format Version 12.00
# Visual Studio Version 17
VisualStudioVersion = 17.14.36915.13 d17.14
MinimumVisualStudioVersion = 10.0.40219.1
Project("{FAE04EC0-301F-11D3-BF4B-00C04F79EFBC}") = "IdentityGenerate_practise", "IdentityGenerate_practise.csproj", "{660A3B47-CBA0-43CE-ABA2-E273A1BA9591}"
EndProject
Global
	GlobalSection(SolutionConfigurationPlatforms) = preSolution
		Debug|Any CPU = Debug|Any CPU
		Release|Any CPU = Release|Any CPU
	EndGlobalSection
	GlobalSection(ProjectConfigurationPlatforms) = postSolution
		{660A3B47-CBA0-43CE-ABA2-E273A1BA9591}.Debug|Any CPU.ActiveCfg = Debug|Any CPU
		{660A3B47-CBA0-43CE-ABA2-E273A1BA9591}.Debug|Any CPU.Build.0 = Debug|Any CPU
		{660A3B47-CBA0-43CE-ABA2-E273A1BA9591}.Release|Any CPU.ActiveCfg = Release|Any CPU
		{660A3B47-CBA0-43CE-ABA2-E273A1BA9591}.Release|Any CPU.Build.0 = Release|Any CPU
	EndGlobalSection
	GlobalSection(SolutionProperties) = preSolution
		HideSolutionNode = FALSE
	EndGlobalSection
	GlobalSection(ExtensibilityGlobals) = postSolution
		SolutionGuid = {572E032F-F8DE-47BA-9401-BD372F3481B4}
	EndGlobalSection
EndGlobal
