
Microsoft Visual Studio Solution File, Format Version 12.00
# Visual Studio Version 17
VisualStudioVersion = 17.14.36915.13 d17.14
MinimumVisualStudioVersion = 10.0.40219.1
Project("{FAE04EC0-301F-11D3-BF4B-00C04F79EFBC}") = "StudentManagementAPI", "StudentManagementAPI.csproj", "{76EBFDDC-2786-4C82-8019-23060CA8B9E3}"
EndProject
Global
	GlobalSection(SolutionConfigurationPlatforms) = preSolution
		Debug|Any CPU = Debug|Any CPU
		Release|Any CPU = Release|Any CPU
	EndGlobalSection
	GlobalSection(ProjectConfigurationPlatforms) = postSolution
		{76EBFDDC-2786-4C82-8019-23060CA8B9E3}.Debug|Any CPU.ActiveCfg = Debug|Any CPU
		{76EBFDDC-2786-4C82-8019-23060CA8B9E3}.Debug|Any CPU.Build.0 = Debug|Any CPU
		{76EBFDDC-2786-4C82-8019-23060CA8B9E3}.Release|Any CPU.ActiveCfg = Release|Any CPU
		{76EBFDDC-2786-4C82-8019-23060CA8B9E3}.Release|Any CPU.Build.0 = Release|Any CPU
	EndGlobalSection
	GlobalSection(SolutionProperties) = preSolution
		HideSolutionNode = FALSE
	EndGlobalSection
	GlobalSection(ExtensibilityGlobals) = postSolution
		SolutionGuid = {19456678-3E07-4A8F-9182-3C2B88037469}
	EndGlobalSection
EndGlobal
