
Microsoft Visual Studio Solution File, Format Version 12.00
# Visual Studio Version 17
VisualStudioVersion = 17.14.36408.4 d17.14
MinimumVisualStudioVersion = 10.0.40219.1
Project("{FAE04EC0-301F-11D3-BF4B-00C04F79EFBC}") = "ConsoleAppDemos", "ConsoleAppDemos.csproj", "{54F4B254-250F-43B8-BD5D-E4C299151AB9}"
EndProject
Global
	GlobalSection(SolutionConfigurationPlatforms) = preSolution
		Debug|Any CPU = Debug|Any CPU
		Release|Any CPU = Release|Any CPU
	EndGlobalSection
	GlobalSection(ProjectConfigurationPlatforms) = postSolution
		{54F4B254-250F-43B8-BD5D-E4C299151AB9}.Debug|Any CPU.ActiveCfg = Debug|Any CPU
		{54F4B254-250F-43B8-BD5D-E4C299151AB9}.Debug|Any CPU.Build.0 = Debug|Any CPU
		{54F4B254-250F-43B8-BD5D-E4C299151AB9}.Release|Any CPU.ActiveCfg = Release|Any CPU
		{54F4B254-250F-43B8-BD5D-E4C299151AB9}.Release|Any CPU.Build.0 = Release|Any CPU
	EndGlobalSection
	GlobalSection(SolutionProperties) = preSolution
		HideSolutionNode = FALSE
	EndGlobalSection
	GlobalSection(ExtensibilityGlobals) = postSolution
		SolutionGuid = {02FBD34D-C276-4B7F-B677-2CD18203E2DE}
	EndGlobalSection
EndGlobal
