
Microsoft Visual Studio Solution File, Format Version 12.00
# Visual Studio Version 17
VisualStudioVersion = 17.14.36408.4 d17.14
MinimumVisualStudioVersion = 10.0.40219.1
Project("{FAE04EC0-301F-11D3-BF4B-00C04F79EFBC}") = "WebAPI", "WebAPI.csproj", "{9F49A33B-DA58-45C4-9669-F17E12FB4962}"
EndProject
Global
	GlobalSection(SolutionConfigurationPlatforms) = preSolution
		Debug|Any CPU = Debug|Any CPU
		Release|Any CPU = Release|Any CPU
	EndGlobalSection
	GlobalSection(ProjectConfigurationPlatforms) = postSolution
		{9F49A33B-DA58-45C4-9669-F17E12FB4962}.Debug|Any CPU.ActiveCfg = Debug|Any CPU
		{9F49A33B-DA58-45C4-9669-F17E12FB4962}.Debug|Any CPU.Build.0 = Debug|Any CPU
		{9F49A33B-DA58-45C4-9669-F17E12FB4962}.Release|Any CPU.ActiveCfg = Release|Any CPU
		{9F49A33B-DA58-45C4-9669-F17E12FB4962}.Release|Any CPU.Build.0 = Release|Any CPU
	EndGlobalSection
	GlobalSection(SolutionProperties) = preSolution
		HideSolutionNode = FALSE
	EndGlobalSection
	GlobalSection(ExtensibilityGlobals) = postSolution
		SolutionGuid = {B59DCD98-7CDC-4C2E-85CC-22F81FEB02E4}
	EndGlobalSection
EndGlobal
